# This file was autogenerated by Stack.
# You should not edit this file by hand.
# For more information, please see the documentation at:
#   https://docs.haskellstack.org/en/stable/lock_files

packages:
- completed:
    hackage: combinat-0.2.9.0@sha256:3daed23a2376f8d9903dc2c1c3758f1f2a0527178c81023080507e5f5ddf5b7a,5107
    pantry-tree:
      size: 4818
      sha256: 7c14bb4cc6cb0b2d6f14ae8265241966fe6c2e07827d18acad8de1bdc1ba8540
  original:
    hackage: combinat-0.2.9.0@sha256:3daed23a2376f8d9903dc2c1c3758f1f2a0527178c81023080507e5f5ddf5b7a,5107
- completed:
    name: toolbox
    version: 0.1.0.0
    git: https://github.com/bi-functor/toolbox.git
    pantry-tree:
      size: 1943
      sha256: df81f71dbc8cb4ecea7a0eead8e364a5a9d9c8cd37b98c04678ed845d7e4f618
    commit: 1787f06eb1ea74a8bae293db66ea023bf93e63fa
  original:
    git: https://github.com/bi-functor/toolbox.git
    commit: 1787f06eb1ea74a8bae293db66ea023bf93e63fa
snapshots:
- completed:
    size: 565266
    url: https://raw.githubusercontent.com/commercialhaskell/stackage-snapshots/master/lts/17/5.yaml
    sha256: 78e8ebabf11406261abbc95b44f240acf71802630b368888f6d758de7fc3a2f7
  original: lts-17.5
